
Microsoft Visual Studio Solution File, Format Version 12.00
# Visual Studio 15
VisualStudioVersion = 15.0.28307.539
MinimumVisualStudioVersion = 10.0.40219.1
Project("{9A19103F-16F7-4668-BE54-9A1E7A4F7556}") = "Library.DataStructures", "Library.DataStructures\Library.DataStructures.csproj", "{441479F0-C44D-4EB1-851E-B03A992692F3}"
EndProject
Project("{FAE04EC0-301F-11D3-BF4B-00C04F79EFBC}") = "Library.DataStructures.UnitTests", "Library.DataStructures.UnitTests\Library.DataStructures.UnitTests.csproj", "{BE1BAAC7-AC6A-4222-93FB-3A9FE147D95D}"
EndProject
Global
	GlobalSection(SolutionConfigurationPlatforms) = preSolution
		Debug|Any CPU = Debug|Any CPU
		Release|Any CPU = Release|Any CPU
	EndGlobalSection
	GlobalSection(ProjectConfigurationPlatforms) = postSolution
		{441479F0-C44D-4EB1-851E-B03A992692F3}.Debug|Any CPU.ActiveCfg = Debug|Any CPU
		{441479F0-C44D-4EB1-851E-B03A992692F3}.Debug|Any CPU.Build.0 = Debug|Any CPU
		{441479F0-C44D-4EB1-851E-B03A992692F3}.Release|Any CPU.ActiveCfg = Release|Any CPU
		{441479F0-C44D-4EB1-851E-B03A992692F3}.Release|Any CPU.Build.0 = Release|Any CPU
		{BE1BAAC7-AC6A-4222-93FB-3A9FE147D95D}.Debug|Any CPU.ActiveCfg = Debug|Any CPU
		{BE1BAAC7-AC6A-4222-93FB-3A9FE147D95D}.Debug|Any CPU.Build.0 = Debug|Any CPU
		{BE1BAAC7-AC6A-4222-93FB-3A9FE147D95D}.Release|Any CPU.ActiveCfg = Release|Any CPU
		{BE1BAAC7-AC6A-4222-93FB-3A9FE147D95D}.Release|Any CPU.Build.0 = Release|Any CPU
	EndGlobalSection
	GlobalSection(SolutionProperties) = preSolution
		HideSolutionNode = FALSE
	EndGlobalSection
	GlobalSection(ExtensibilityGlobals) = postSolution
		SolutionGuid = {BAF3C457-6551-4D6B-A448-5C1D3838FF6E}
	EndGlobalSection
EndGlobal
